
Microsoft Visual Studio Solution File, Format Version 12.00
# Visual Studio Version 17
VisualStudioVersion = 17.1.32210.238
MinimumVisualStudioVersion = 10.0.40219.1
Project("{9A19103F-16F7-4668-BE54-9A1E7A4F7556}") = "Dane", "Dane\Dane.csproj", "{078D2CD6-EB9D-4F2D-BDF1-7774C824435B}"
EndProject
Project("{9A19103F-16F7-4668-BE54-9A1E7A4F7556}") = "Logika", "Logika\Logika.csproj", "{622DD914-1465-4D62-9309-0CA9DCEACFC5}"
	ProjectSection(ProjectDependencies) = postProject
		{078D2CD6-EB9D-4F2D-BDF1-7774C824435B} = {078D2CD6-EB9D-4F2D-BDF1-7774C824435B}
	EndProjectSection
EndProject
Project("{2150E333-8FDC-42A3-9474-1A3956D46DE8}") = "Prezentacja", "Prezentacja", "{469AF376-3D68-45DA-B21C-0FC6D644B0AE}"
EndProject
Project("{9A19103F-16F7-4668-BE54-9A1E7A4F7556}") = "View", "View\View.csproj", "{20D7CFE6-BBEF-4E92-9730-34FCDB2933A6}"
	ProjectSection(ProjectDependencies) = postProject
		{38EC0154-3E76-4EC8-A55C-111429CD202A} = {38EC0154-3E76-4EC8-A55C-111429CD202A}
	EndProjectSection
EndProject
Project("{9A19103F-16F7-4668-BE54-9A1E7A4F7556}") = "Model", "Model\Model.csproj", "{B5A3693D-4821-4467-8A63-49336EBC0DC8}"
	ProjectSection(ProjectDependencies) = postProject
		{622DD914-1465-4D62-9309-0CA9DCEACFC5} = {622DD914-1465-4D62-9309-0CA9DCEACFC5}
	EndProjectSection
EndProject
Project("{9A19103F-16F7-4668-BE54-9A1E7A4F7556}") = "ViewModel", "ViewModel\ViewModel.csproj", "{38EC0154-3E76-4EC8-A55C-111429CD202A}"
EndProject
Project("{9A19103F-16F7-4668-BE54-9A1E7A4F7556}") = "DaneTests", "DaneTests\DaneTests.csproj", "{E3013EFB-DC29-44B0-91E2-2586E8D6D6FF}"
EndProject
Global
	GlobalSection(SolutionConfigurationPlatforms) = preSolution
		Debug|Any CPU = Debug|Any CPU
		Release|Any CPU = Release|Any CPU
	EndGlobalSection
	GlobalSection(ProjectConfigurationPlatforms) = postSolution
		{078D2CD6-EB9D-4F2D-BDF1-7774C824435B}.Debug|Any CPU.ActiveCfg = Debug|Any CPU
		{078D2CD6-EB9D-4F2D-BDF1-7774C824435B}.Debug|Any CPU.Build.0 = Debug|Any CPU
		{078D2CD6-EB9D-4F2D-BDF1-7774C824435B}.Release|Any CPU.ActiveCfg = Release|Any CPU
		{078D2CD6-EB9D-4F2D-BDF1-7774C824435B}.Release|Any CPU.Build.0 = Release|Any CPU
		{622DD914-1465-4D62-9309-0CA9DCEACFC5}.Debug|Any CPU.ActiveCfg = Debug|Any CPU
		{622DD914-1465-4D62-9309-0CA9DCEACFC5}.Debug|Any CPU.Build.0 = Debug|Any CPU
		{622DD914-1465-4D62-9309-0CA9DCEACFC5}.Release|Any CPU.ActiveCfg = Release|Any CPU
		{622DD914-1465-4D62-9309-0CA9DCEACFC5}.Release|Any CPU.Build.0 = Release|Any CPU
		{20D7CFE6-BBEF-4E92-9730-34FCDB2933A6}.Debug|Any CPU.ActiveCfg = Debug|Any CPU
		{20D7CFE6-BBEF-4E92-9730-34FCDB2933A6}.Debug|Any CPU.Build.0 = Debug|Any CPU
		{20D7CFE6-BBEF-4E92-9730-34FCDB2933A6}.Release|Any CPU.ActiveCfg = Release|Any CPU
		{20D7CFE6-BBEF-4E92-9730-34FCDB2933A6}.Release|Any CPU.Build.0 = Release|Any CPU
		{B5A3693D-4821-4467-8A63-49336EBC0DC8}.Debug|Any CPU.ActiveCfg = Debug|Any CPU
		{B5A3693D-4821-4467-8A63-49336EBC0DC8}.Debug|Any CPU.Build.0 = Debug|Any CPU
		{B5A3693D-4821-4467-8A63-49336EBC0DC8}.Release|Any CPU.ActiveCfg = Release|Any CPU
		{B5A3693D-4821-4467-8A63-49336EBC0DC8}.Release|Any CPU.Build.0 = Release|Any CPU
		{38EC0154-3E76-4EC8-A55C-111429CD202A}.Debug|Any CPU.ActiveCfg = Debug|Any CPU
		{38EC0154-3E76-4EC8-A55C-111429CD202A}.Debug|Any CPU.Build.0 = Debug|Any CPU
		{38EC0154-3E76-4EC8-A55C-111429CD202A}.Release|Any CPU.ActiveCfg = Release|Any CPU
		{38EC0154-3E76-4EC8-A55C-111429CD202A}.Release|Any CPU.Build.0 = Release|Any CPU
		{E3013EFB-DC29-44B0-91E2-2586E8D6D6FF}.Debug|Any CPU.ActiveCfg = Debug|Any CPU
		{E3013EFB-DC29-44B0-91E2-2586E8D6D6FF}.Debug|Any CPU.Build.0 = Debug|Any CPU
		{E3013EFB-DC29-44B0-91E2-2586E8D6D6FF}.Release|Any CPU.ActiveCfg = Release|Any CPU
		{E3013EFB-DC29-44B0-91E2-2586E8D6D6FF}.Release|Any CPU.Build.0 = Release|Any CPU
	EndGlobalSection
	GlobalSection(SolutionProperties) = preSolution
		HideSolutionNode = FALSE
	EndGlobalSection
	GlobalSection(NestedProjects) = preSolution
		{20D7CFE6-BBEF-4E92-9730-34FCDB2933A6} = {469AF376-3D68-45DA-B21C-0FC6D644B0AE}
		{B5A3693D-4821-4467-8A63-49336EBC0DC8} = {469AF376-3D68-45DA-B21C-0FC6D644B0AE}
		{38EC0154-3E76-4EC8-A55C-111429CD202A} = {469AF376-3D68-45DA-B21C-0FC6D644B0AE}
	EndGlobalSection
	GlobalSection(ExtensibilityGlobals) = postSolution
		SolutionGuid = {E4BDBCA4-B4BA-4FCF-B5F0-69EF25E1BB03}
	EndGlobalSection
EndGlobal
